
Microsoft Visual Studio Solution File, Format Version 12.00
# Visual Studio Version 16
VisualStudioVersion = 16.0.30320.27
MinimumVisualStudioVersion = 10.0.40219.1
Project("{FAE04EC0-301F-11D3-BF4B-00C04F79EFBC}") = "ABRFileType", "ABRFileType.csproj", "{15106ABB-135B-4026-97F1-C8E2EB0A21A1}"
EndProject
Project("{2150E333-8FDC-42A3-9474-1A3956D46DE8}") = "Solution Items", "Solution Items", "{D11346BF-F975-47E3-8C6D-938F1A244FB3}"
	ProjectSection(SolutionItems) = preProject
		.editorconfig = .editorconfig
	EndProjectSection
EndProject
Global
	GlobalSection(SolutionConfigurationPlatforms) = preSolution
		Debug|Any CPU = Debug|Any CPU
		Release|Any CPU = Release|Any CPU
	EndGlobalSection
	GlobalSection(ProjectConfigurationPlatforms) = postSolution
		{15106ABB-135B-4026-97F1-C8E2EB0A21A1}.Debug|Any CPU.ActiveCfg = Debug|Any CPU
		{15106ABB-135B-4026-97F1-C8E2EB0A21A1}.Debug|Any CPU.Build.0 = Debug|Any CPU
		{15106ABB-135B-4026-97F1-C8E2EB0A21A1}.Release|Any CPU.ActiveCfg = Release|Any CPU
		{15106ABB-135B-4026-97F1-C8E2EB0A21A1}.Release|Any CPU.Build.0 = Release|Any CPU
	EndGlobalSection
	GlobalSection(SolutionProperties) = preSolution
		HideSolutionNode = FALSE
	EndGlobalSection
	GlobalSection(ExtensibilityGlobals) = postSolution
		SolutionGuid = {5A7BE88A-9D34-4042-BA34-F9EC8B153815}
	EndGlobalSection
EndGlobal
