
Microsoft Visual Studio Solution File, Format Version 12.00
# Visual Studio Version 17
VisualStudioVersion = 17.6.33815.320
MinimumVisualStudioVersion = 10.0.40219.1
Project("{9A19103F-16F7-4668-BE54-9A1E7A4F7556}") = "ABRFileType", "ABRFileType.csproj", "{15106ABB-135B-4026-97F1-C8E2EB0A21A1}"
EndProject
Global
	GlobalSection(SolutionConfigurationPlatforms) = preSolution
		Debug|Any CPU = Debug|Any CPU
		Release|Any CPU = Release|Any CPU
	EndGlobalSection
	GlobalSection(ProjectConfigurationPlatforms) = postSolution
		{15106ABB-135B-4026-97F1-C8E2EB0A21A1}.Debug|Any CPU.ActiveCfg = Debug|Any CPU
		{15106ABB-135B-4026-97F1-C8E2EB0A21A1}.Debug|Any CPU.Build.0 = Debug|Any CPU
		{15106ABB-135B-4026-97F1-C8E2EB0A21A1}.Release|Any CPU.ActiveCfg = Release|Any CPU
		{15106ABB-135B-4026-97F1-C8E2EB0A21A1}.Release|Any CPU.Build.0 = Release|Any CPU
	EndGlobalSection
	GlobalSection(SolutionProperties) = preSolution
		HideSolutionNode = FALSE
	EndGlobalSection
	GlobalSection(ExtensibilityGlobals) = postSolution
		SolutionGuid = {5A7BE88A-9D34-4042-BA34-F9EC8B153815}
	EndGlobalSection
EndGlobal
